
Microsoft Visual Studio Solution File, Format Version 12.00
# Visual Studio Version 17
VisualStudioVersion = 17.8.34309.116
MinimumVisualStudioVersion = 10.0.40219.1
Project("{FAE04EC0-301F-11D3-BF4B-00C04F79EFBC}") = "WebApplication3", "WebApplication3\WebApplication3.csproj", "{A139627E-AE48-4A54-B79A-FDB4B4385C07}"
EndProject
Global
	GlobalSection(SolutionConfigurationPlatforms) = preSolution
		Debug|Any CPU = Debug|Any CPU
		Release|Any CPU = Release|Any CPU
	EndGlobalSection
	GlobalSection(ProjectConfigurationPlatforms) = postSolution
		{A139627E-AE48-4A54-B79A-FDB4B4385C07}.Debug|Any CPU.ActiveCfg = Debug|Any CPU
		{A139627E-AE48-4A54-B79A-FDB4B4385C07}.Debug|Any CPU.Build.0 = Debug|Any CPU
		{A139627E-AE48-4A54-B79A-FDB4B4385C07}.Release|Any CPU.ActiveCfg = Release|Any CPU
		{A139627E-AE48-4A54-B79A-FDB4B4385C07}.Release|Any CPU.Build.0 = Release|Any CPU
	EndGlobalSection
	GlobalSection(SolutionProperties) = preSolution
		HideSolutionNode = FALSE
	EndGlobalSection
	GlobalSection(ExtensibilityGlobals) = postSolution
		SolutionGuid = {2674EBB4-CE92-44FF-A748-BC3ED0AE1FEC}
	EndGlobalSection
EndGlobal
